
Microsoft Visual Studio Solution File, Format Version 12.00
# Visual Studio Version 16
VisualStudioVersion = 16.0.29123.88
MinimumVisualStudioVersion = 10.0.40219.1
Project("{FAE04EC0-301F-11D3-BF4B-00C04F79EFBC}") = "algo_genetique_TSP", "algo_genetique_TSP\algo_genetique_TSP.csproj", "{1DD14D5A-86E4-4C8D-BA1D-375DDD967AF6}"
EndProject
Project("{9A19103F-16F7-4668-BE54-9A1E7A4F7556}") = "algo_genetique_TSP_métier", "algo_genetique_TSP_métier\algo_genetique_TSP_métier.csproj", "{9099F633-ACF3-4654-9CB7-7EF4E1F1B02C}"
EndProject
Project("{FAE04EC0-301F-11D3-BF4B-00C04F79EFBC}") = "algo_genetique_TSP_testUnitaire", "algo_genetique_TSP_testUnitaire\algo_genetique_TSP_testUnitaire.csproj", "{8E58F85C-4E44-4A27-88BE-F93CF5AE7C69}"
EndProject
Project("{54435603-DBB4-11D2-8724-00A0C9A8B90C}") = "algo_genetique_TSP_setup", "algo_genetique_TSP_setup\algo_genetique_TSP_setup.vdproj", "{BEC5AFF9-C06D-490B-9F89-21B9A4B84A68}"
EndProject
Global
	GlobalSection(SolutionConfigurationPlatforms) = preSolution
		Debug|Any CPU = Debug|Any CPU
		Debug|ARM = Debug|ARM
		Debug|ARM64 = Debug|ARM64
		Debug|x64 = Debug|x64
		Debug|x86 = Debug|x86
		Release|Any CPU = Release|Any CPU
		Release|ARM = Release|ARM
		Release|ARM64 = Release|ARM64
		Release|x64 = Release|x64
		Release|x86 = Release|x86
	EndGlobalSection
	GlobalSection(ProjectConfigurationPlatforms) = postSolution
		{1DD14D5A-86E4-4C8D-BA1D-375DDD967AF6}.Debug|Any CPU.ActiveCfg = Debug|Any CPU
		{1DD14D5A-86E4-4C8D-BA1D-375DDD967AF6}.Debug|Any CPU.Build.0 = Debug|Any CPU
		{1DD14D5A-86E4-4C8D-BA1D-375DDD967AF6}.Debug|ARM.ActiveCfg = Debug|Any CPU
		{1DD14D5A-86E4-4C8D-BA1D-375DDD967AF6}.Debug|ARM.Build.0 = Debug|Any CPU
		{1DD14D5A-86E4-4C8D-BA1D-375DDD967AF6}.Debug|ARM64.ActiveCfg = Debug|Any CPU
		{1DD14D5A-86E4-4C8D-BA1D-375DDD967AF6}.Debug|ARM64.Build.0 = Debug|Any CPU
		{1DD14D5A-86E4-4C8D-BA1D-375DDD967AF6}.Debug|x64.ActiveCfg = Debug|Any CPU
		{1DD14D5A-86E4-4C8D-BA1D-375DDD967AF6}.Debug|x64.Build.0 = Debug|Any CPU
		{1DD14D5A-86E4-4C8D-BA1D-375DDD967AF6}.Debug|x86.ActiveCfg = Debug|Any CPU
		{1DD14D5A-86E4-4C8D-BA1D-375DDD967AF6}.Debug|x86.Build.0 = Debug|Any CPU
		{1DD14D5A-86E4-4C8D-BA1D-375DDD967AF6}.Release|Any CPU.ActiveCfg = Release|Any CPU
		{1DD14D5A-86E4-4C8D-BA1D-375DDD967AF6}.Release|Any CPU.Build.0 = Release|Any CPU
		{1DD14D5A-86E4-4C8D-BA1D-375DDD967AF6}.Release|ARM.ActiveCfg = Release|Any CPU
		{1DD14D5A-86E4-4C8D-BA1D-375DDD967AF6}.Release|ARM.Build.0 = Release|Any CPU
		{1DD14D5A-86E4-4C8D-BA1D-375DDD967AF6}.Release|ARM64.ActiveCfg = Release|Any CPU
		{1DD14D5A-86E4-4C8D-BA1D-375DDD967AF6}.Release|ARM64.Build.0 = Release|Any CPU
		{1DD14D5A-86E4-4C8D-BA1D-375DDD967AF6}.Release|x64.ActiveCfg = Release|Any CPU
		{1DD14D5A-86E4-4C8D-BA1D-375DDD967AF6}.Release|x64.Build.0 = Release|Any CPU
		{1DD14D5A-86E4-4C8D-BA1D-375DDD967AF6}.Release|x86.ActiveCfg = Release|Any CPU
		{1DD14D5A-86E4-4C8D-BA1D-375DDD967AF6}.Release|x86.Build.0 = Release|Any CPU
		{9099F633-ACF3-4654-9CB7-7EF4E1F1B02C}.Debug|Any CPU.ActiveCfg = Debug|Any CPU
		{9099F633-ACF3-4654-9CB7-7EF4E1F1B02C}.Debug|Any CPU.Build.0 = Debug|Any CPU
		{9099F633-ACF3-4654-9CB7-7EF4E1F1B02C}.Debug|ARM.ActiveCfg = Debug|Any CPU
		{9099F633-ACF3-4654-9CB7-7EF4E1F1B02C}.Debug|ARM.Build.0 = Debug|Any CPU
		{9099F633-ACF3-4654-9CB7-7EF4E1F1B02C}.Debug|ARM64.ActiveCfg = Debug|Any CPU
		{9099F633-ACF3-4654-9CB7-7EF4E1F1B02C}.Debug|ARM64.Build.0 = Debug|Any CPU
		{9099F633-ACF3-4654-9CB7-7EF4E1F1B02C}.Debug|x64.ActiveCfg = Debug|Any CPU
		{9099F633-ACF3-4654-9CB7-7EF4E1F1B02C}.Debug|x64.Build.0 = Debug|Any CPU
		{9099F633-ACF3-4654-9CB7-7EF4E1F1B02C}.Debug|x86.ActiveCfg = Debug|Any CPU
		{9099F633-ACF3-4654-9CB7-7EF4E1F1B02C}.Debug|x86.Build.0 = Debug|Any CPU
		{9099F633-ACF3-4654-9CB7-7EF4E1F1B02C}.Release|Any CPU.ActiveCfg = Release|Any CPU
		{9099F633-ACF3-4654-9CB7-7EF4E1F1B02C}.Release|Any CPU.Build.0 = Release|Any CPU
		{9099F633-ACF3-4654-9CB7-7EF4E1F1B02C}.Release|ARM.ActiveCfg = Release|Any CPU
		{9099F633-ACF3-4654-9CB7-7EF4E1F1B02C}.Release|ARM.Build.0 = Release|Any CPU
		{9099F633-ACF3-4654-9CB7-7EF4E1F1B02C}.Release|ARM64.ActiveCfg = Release|Any CPU
		{9099F633-ACF3-4654-9CB7-7EF4E1F1B02C}.Release|ARM64.Build.0 = Release|Any CPU
		{9099F633-ACF3-4654-9CB7-7EF4E1F1B02C}.Release|x64.ActiveCfg = Release|Any CPU
		{9099F633-ACF3-4654-9CB7-7EF4E1F1B02C}.Release|x64.Build.0 = Release|Any CPU
		{9099F633-ACF3-4654-9CB7-7EF4E1F1B02C}.Release|x86.ActiveCfg = Release|Any CPU
		{9099F633-ACF3-4654-9CB7-7EF4E1F1B02C}.Release|x86.Build.0 = Release|Any CPU
		{8E58F85C-4E44-4A27-88BE-F93CF5AE7C69}.Debug|Any CPU.ActiveCfg = Debug|Any CPU
		{8E58F85C-4E44-4A27-88BE-F93CF5AE7C69}.Debug|ARM.ActiveCfg = Debug|Any CPU
		{8E58F85C-4E44-4A27-88BE-F93CF5AE7C69}.Debug|ARM.Build.0 = Debug|Any CPU
		{8E58F85C-4E44-4A27-88BE-F93CF5AE7C69}.Debug|ARM64.ActiveCfg = Debug|Any CPU
		{8E58F85C-4E44-4A27-88BE-F93CF5AE7C69}.Debug|ARM64.Build.0 = Debug|Any CPU
		{8E58F85C-4E44-4A27-88BE-F93CF5AE7C69}.Debug|x64.ActiveCfg = Debug|Any CPU
		{8E58F85C-4E44-4A27-88BE-F93CF5AE7C69}.Debug|x64.Build.0 = Debug|Any CPU
		{8E58F85C-4E44-4A27-88BE-F93CF5AE7C69}.Debug|x86.ActiveCfg = Debug|Any CPU
		{8E58F85C-4E44-4A27-88BE-F93CF5AE7C69}.Debug|x86.Build.0 = Debug|Any CPU
		{8E58F85C-4E44-4A27-88BE-F93CF5AE7C69}.Release|Any CPU.ActiveCfg = Release|Any CPU
		{8E58F85C-4E44-4A27-88BE-F93CF5AE7C69}.Release|ARM.ActiveCfg = Release|Any CPU
		{8E58F85C-4E44-4A27-88BE-F93CF5AE7C69}.Release|ARM.Build.0 = Release|Any CPU
		{8E58F85C-4E44-4A27-88BE-F93CF5AE7C69}.Release|ARM64.ActiveCfg = Release|Any CPU
		{8E58F85C-4E44-4A27-88BE-F93CF5AE7C69}.Release|ARM64.Build.0 = Release|Any CPU
		{8E58F85C-4E44-4A27-88BE-F93CF5AE7C69}.Release|x64.ActiveCfg = Release|Any CPU
		{8E58F85C-4E44-4A27-88BE-F93CF5AE7C69}.Release|x86.ActiveCfg = Release|Any CPU
		{8E58F85C-4E44-4A27-88BE-F93CF5AE7C69}.Release|x86.Build.0 = Release|Any CPU
		{BEC5AFF9-C06D-490B-9F89-21B9A4B84A68}.Debug|Any CPU.ActiveCfg = Debug
		{BEC5AFF9-C06D-490B-9F89-21B9A4B84A68}.Debug|Any CPU.Build.0 = Debug
		{BEC5AFF9-C06D-490B-9F89-21B9A4B84A68}.Debug|ARM.ActiveCfg = Debug
		{BEC5AFF9-C06D-490B-9F89-21B9A4B84A68}.Debug|ARM64.ActiveCfg = Debug
		{BEC5AFF9-C06D-490B-9F89-21B9A4B84A68}.Debug|x64.ActiveCfg = Debug
		{BEC5AFF9-C06D-490B-9F89-21B9A4B84A68}.Debug|x86.ActiveCfg = Debug
		{BEC5AFF9-C06D-490B-9F89-21B9A4B84A68}.Release|Any CPU.ActiveCfg = Release
		{BEC5AFF9-C06D-490B-9F89-21B9A4B84A68}.Release|Any CPU.Build.0 = Release
		{BEC5AFF9-C06D-490B-9F89-21B9A4B84A68}.Release|ARM.ActiveCfg = Release
		{BEC5AFF9-C06D-490B-9F89-21B9A4B84A68}.Release|ARM64.ActiveCfg = Release
		{BEC5AFF9-C06D-490B-9F89-21B9A4B84A68}.Release|x64.ActiveCfg = Release
		{BEC5AFF9-C06D-490B-9F89-21B9A4B84A68}.Release|x64.Build.0 = Release
		{BEC5AFF9-C06D-490B-9F89-21B9A4B84A68}.Release|x86.ActiveCfg = Release
	EndGlobalSection
	GlobalSection(SolutionProperties) = preSolution
		HideSolutionNode = FALSE
	EndGlobalSection
	GlobalSection(ExtensibilityGlobals) = postSolution
		SolutionGuid = {AC3B70A3-4FFB-4A2C-A67F-54A8AB9062A7}
	EndGlobalSection
EndGlobal
